// !$*UTF8*$!
{
	archiveVersion = 1;
	classes = {
	};
	objectVersion = 77;
	objects = {

/* Begin PBXBuildFile section */
		9BB2D3ED2D46A797009BA16D /* PokemonUtils in Frameworks */ = {isa = PBXBuildFile; productRef = 9BB2D3EC2D46A797009BA16D /* PokemonUtils */; };
		9BD2EB622D46276A00F50829 /* PokemonUI in Frameworks */ = {isa = PBXBuildFile; productRef = 9BD2EB612D46276A00F50829 /* PokemonUI */; };
/* End PBXBuildFile section */

/* Begin PBXContainerItemProxy section */
		9B60C4372D37AD4800C31857 /* PBXContainerItemProxy */ = {
			isa = PBXContainerItemProxy;
			containerPortal = 9B60C41E2D37AD4700C31857 /* Project object */;
			proxyType = 1;
			remoteGlobalIDString = 9B60C4252D37AD4700C31857;
			remoteInfo = PokemonStatsApp;
		};
		9B60C4412D37AD4800C31857 /* PBXContainerItemProxy */ = {
			isa = PBXContainerItemProxy;
			containerPortal = 9B60C41E2D37AD4700C31857 /* Project object */;
			proxyType = 1;
			remoteGlobalIDString = 9B60C4252D37AD4700C31857;
			remoteInfo = PokemonStatsApp;
		};
/* End PBXContainerItemProxy section */

/* Begin PBXFileReference section */
		9B60C4262D37AD4700C31857 /* PokemonApp.app */ = {isa = PBXFileReference; explicitFileType = wrapper.application; includeInIndex = 0; path = PokemonApp.app; sourceTree = BUILT_PRODUCTS_DIR; };
		9B60C4362D37AD4800C31857 /* PokemonAppTests.xctest */ = {isa = PBXFileReference; explicitFileType = wrapper.cfbundle; includeInIndex = 0; path = PokemonAppTests.xctest; sourceTree = BUILT_PRODUCTS_DIR; };
		9B60C4402D37AD4800C31857 /* PokemonAppUITests.xctest */ = {isa = PBXFileReference; explicitFileType = wrapper.cfbundle; includeInIndex = 0; path = PokemonAppUITests.xctest; sourceTree = BUILT_PRODUCTS_DIR; };
		9B82166A2D461AC200960112 /* PokemonUI */ = {isa = PBXFileReference; lastKnownFileType = wrapper; path = PokemonUI; sourceTree = "<group>"; };
		9BB2D3EB2D46A68C009BA16D /* PokemonUtils */ = {isa = PBXFileReference; lastKnownFileType = wrapper; path = PokemonUtils; sourceTree = "<group>"; };
/* End PBXFileReference section */

/* Begin PBXFileSystemSynchronizedBuildFileExceptionSet section */
		9B60C4872D37B11D00C31857 /* Exceptions for "PokemonApp" folder in "PokemonApp" target */ = {
			isa = PBXFileSystemSynchronizedBuildFileExceptionSet;
			membershipExceptions = (
				Info.plist,
			);
			target = 9B60C4252D37AD4700C31857 /* PokemonApp */;
		};
/* End PBXFileSystemSynchronizedBuildFileExceptionSet section */

/* Begin PBXFileSystemSynchronizedRootGroup section */
		9B60C4282D37AD4700C31857 /* PokemonApp */ = {
			isa = PBXFileSystemSynchronizedRootGroup;
			exceptions = (
				9B60C4872D37B11D00C31857 /* Exceptions for "PokemonApp" folder in "PokemonApp" target */,
			);
			path = PokemonApp;
			sourceTree = "<group>";
		};
		9B60C4392D37AD4800C31857 /* PokemonAppTests */ = {
			isa = PBXFileSystemSynchronizedRootGroup;
			path = PokemonAppTests;
			sourceTree = "<group>";
		};
		9B60C4432D37AD4800C31857 /* PokemonAppUITests */ = {
			isa = PBXFileSystemSynchronizedRootGroup;
			path = PokemonAppUITests;
			sourceTree = "<group>";
		};
/* End PBXFileSystemSynchronizedRootGroup section */

/* Begin PBXFrameworksBuildPhase section */
		9B60C4232D37AD4700C31857 /* Frameworks */ = {
			isa = PBXFrameworksBuildPhase;
			buildActionMask = 2147483647;
			files = (
				9BB2D3ED2D46A797009BA16D /* PokemonUtils in Frameworks */,
				9BD2EB622D46276A00F50829 /* PokemonUI in Frameworks */,
			);
			runOnlyForDeploymentPostprocessing = 0;
		};
		9B60C4332D37AD4800C31857 /* Frameworks */ = {
			isa = PBXFrameworksBuildPhase;
			buildActionMask = 2147483647;
			files = (
			);
			runOnlyForDeploymentPostprocessing = 0;
		};
		9B60C43D2D37AD4800C31857 /* Frameworks */ = {
			isa = PBXFrameworksBuildPhase;
			buildActionMask = 2147483647;
			files = (
			);
			runOnlyForDeploymentPostprocessing = 0;
		};
/* End PBXFrameworksBuildPhase section */

/* Begin PBXGroup section */
		9B60C41D2D37AD4700C31857 = {
			isa = PBXGroup;
			children = (
				9BB2D3EB2D46A68C009BA16D /* PokemonUtils */,
				9B82166A2D461AC200960112 /* PokemonUI */,
				9B60C4282D37AD4700C31857 /* PokemonApp */,
				9B60C4392D37AD4800C31857 /* PokemonAppTests */,
				9B60C4432D37AD4800C31857 /* PokemonAppUITests */,
				9B82166B2D461ADB00960112 /* Frameworks */,
				9B60C4272D37AD4700C31857 /* Products */,
			);
			sourceTree = "<group>";
		};
		9B60C4272D37AD4700C31857 /* Products */ = {
			isa = PBXGroup;
			children = (
				9B60C4262D37AD4700C31857 /* PokemonApp.app */,
				9B60C4362D37AD4800C31857 /* PokemonAppTests.xctest */,
				9B60C4402D37AD4800C31857 /* PokemonAppUITests.xctest */,
			);
			name = Products;
			sourceTree = "<group>";
		};
		9B82166B2D461ADB00960112 /* Frameworks */ = {
			isa = PBXGroup;
			children = (
			);
			name = Frameworks;
			sourceTree = "<group>";
		};
/* End PBXGroup section */

/* Begin PBXNativeTarget section */
		9B60C4252D37AD4700C31857 /* PokemonApp */ = {
			isa = PBXNativeTarget;
			buildConfigurationList = 9B60C44A2D37AD4800C31857 /* Build configuration list for PBXNativeTarget "PokemonApp" */;
			buildPhases = (
				9B60C4222D37AD4700C31857 /* Sources */,
				9B60C4232D37AD4700C31857 /* Frameworks */,
				9B60C4242D37AD4700C31857 /* Resources */,
			);
			buildRules = (
			);
			dependencies = (
				9BB2D3EF2D46A7A0009BA16D /* PBXTargetDependency */,
				9BEAD2072D46347F001DFB92 /* PBXTargetDependency */,
			);
			fileSystemSynchronizedGroups = (
				9B60C4282D37AD4700C31857 /* PokemonApp */,
			);
			name = PokemonApp;
			packageProductDependencies = (
				9BD2EB612D46276A00F50829 /* PokemonUI */,
				9BB2D3EC2D46A797009BA16D /* PokemonUtils */,
			);
			productName = PokemonStatsApp;
			productReference = 9B60C4262D37AD4700C31857 /* PokemonApp.app */;
			productType = "com.apple.product-type.application";
		};
		9B60C4352D37AD4800C31857 /* PokemonAppTests */ = {
			isa = PBXNativeTarget;
			buildConfigurationList = 9B60C44D2D37AD4800C31857 /* Build configuration list for PBXNativeTarget "PokemonAppTests" */;
			buildPhases = (
				9B60C4322D37AD4800C31857 /* Sources */,
				9B60C4332D37AD4800C31857 /* Frameworks */,
				9B60C4342D37AD4800C31857 /* Resources */,
			);
			buildRules = (
			);
			dependencies = (
				9B60C4382D37AD4800C31857 /* PBXTargetDependency */,
			);
			fileSystemSynchronizedGroups = (
				9B60C4392D37AD4800C31857 /* PokemonAppTests */,
			);
			name = PokemonAppTests;
			packageProductDependencies = (
			);
			productName = PokemonStatsAppTests;
			productReference = 9B60C4362D37AD4800C31857 /* PokemonAppTests.xctest */;
			productType = "com.apple.product-type.bundle.unit-test";
		};
		9B60C43F2D37AD4800C31857 /* PokemonAppUITests */ = {
			isa = PBXNativeTarget;
			buildConfigurationList = 9B60C4502D37AD4800C31857 /* Build configuration list for PBXNativeTarget "PokemonAppUITests" */;
			buildPhases = (
				9B60C43C2D37AD4800C31857 /* Sources */,
				9B60C43D2D37AD4800C31857 /* Frameworks */,
				9B60C43E2D37AD4800C31857 /* Resources */,
			);
			buildRules = (
			);
			dependencies = (
				9B60C4422D37AD4800C31857 /* PBXTargetDependency */,
			);
			fileSystemSynchronizedGroups = (
				9B60C4432D37AD4800C31857 /* PokemonAppUITests */,
			);
			name = PokemonAppUITests;
			packageProductDependencies = (
			);
			productName = PokemonStatsAppUITests;
			productReference = 9B60C4402D37AD4800C31857 /* PokemonAppUITests.xctest */;
			productType = "com.apple.product-type.bundle.ui-testing";
		};
/* End PBXNativeTarget section */

/* Begin PBXProject section */
		9B60C41E2D37AD4700C31857 /* Project object */ = {
			isa = PBXProject;
			attributes = {
				BuildIndependentTargetsInParallel = 1;
				LastSwiftUpdateCheck = 1600;
				LastUpgradeCheck = 1600;
				TargetAttributes = {
					9B60C4252D37AD4700C31857 = {
						CreatedOnToolsVersion = 16.0;
					};
					9B60C4352D37AD4800C31857 = {
						CreatedOnToolsVersion = 16.0;
						TestTargetID = 9B60C4252D37AD4700C31857;
					};
					9B60C43F2D37AD4800C31857 = {
						CreatedOnToolsVersion = 16.0;
						TestTargetID = 9B60C4252D37AD4700C31857;
					};
				};
			};
			buildConfigurationList = 9B60C4212D37AD4700C31857 /* Build configuration list for PBXProject "PokemonApp" */;
			developmentRegion = en;
			hasScannedForEncodings = 0;
			knownRegions = (
				en,
				Base,
			);
			mainGroup = 9B60C41D2D37AD4700C31857;
			minimizedProjectReferenceProxies = 1;
			packageReferences = (
			);
			preferredProjectObjectVersion = 77;
			productRefGroup = 9B60C4272D37AD4700C31857 /* Products */;
			projectDirPath = "";
			projectRoot = "";
			targets = (
				9B60C4252D37AD4700C31857 /* PokemonApp */,
				9B60C4352D37AD4800C31857 /* PokemonAppTests */,
				9B60C43F2D37AD4800C31857 /* PokemonAppUITests */,
			);
		};
/* End PBXProject section */

/* Begin PBXResourcesBuildPhase section */
		9B60C4242D37AD4700C31857 /* Resources */ = {
			isa = PBXResourcesBuildPhase;
			buildActionMask = 2147483647;
			files = (
			);
			runOnlyForDeploymentPostprocessing = 0;
		};
		9B60C4342D37AD4800C31857 /* Resources */ = {
			isa = PBXResourcesBuildPhase;
			buildActionMask = 2147483647;
			files = (
			);
			runOnlyForDeploymentPostprocessing = 0;
		};
		9B60C43E2D37AD4800C31857 /* Resources */ = {
			isa = PBXResourcesBuildPhase;
			buildActionMask = 2147483647;
			files = (
			);
			runOnlyForDeploymentPostprocessing = 0;
		};
/* End PBXResourcesBuildPhase section */

/* Begin PBXSourcesBuildPhase section */
		9B60C4222D37AD4700C31857 /* Sources */ = {
			isa = PBXSourcesBuildPhase;
			buildActionMask = 2147483647;
			files = (
			);
			runOnlyForDeploymentPostprocessing = 0;
		};
		9B60C4322D37AD4800C31857 /* Sources */ = {
			isa = PBXSourcesBuildPhase;
			buildActionMask = 2147483647;
			files = (
			);
			runOnlyForDeploymentPostprocessing = 0;
		};
		9B60C43C2D37AD4800C31857 /* Sources */ = {
			isa = PBXSourcesBuildPhase;
			buildActionMask = 2147483647;
			files = (
			);
			runOnlyForDeploymentPostprocessing = 0;
		};
/* End PBXSourcesBuildPhase section */

/* Begin PBXTargetDependency section */
		9B60C4382D37AD4800C31857 /* PBXTargetDependency */ = {
			isa = PBXTargetDependency;
			target = 9B60C4252D37AD4700C31857 /* PokemonApp */;
			targetProxy = 9B60C4372D37AD4800C31857 /* PBXContainerItemProxy */;
		};
		9B60C4422D37AD4800C31857 /* PBXTargetDependency */ = {
			isa = PBXTargetDependency;
			target = 9B60C4252D37AD4700C31857 /* PokemonApp */;
			targetProxy = 9B60C4412D37AD4800C31857 /* PBXContainerItemProxy */;
		};
		9BB2D3EF2D46A7A0009BA16D /* PBXTargetDependency */ = {
			isa = PBXTargetDependency;
			productRef = 9BB2D3EE2D46A7A0009BA16D /* PokemonUtils */;
		};
		9BEAD2072D46347F001DFB92 /* PBXTargetDependency */ = {
			isa = PBXTargetDependency;
			productRef = 9BEAD2062D46347F001DFB92 /* PokemonUI */;
		};
/* End PBXTargetDependency section */

/* Begin XCBuildConfiguration section */
		9B60C4482D37AD4800C31857 /* Debug */ = {
			isa = XCBuildConfiguration;
			buildSettings = {
				ALWAYS_SEARCH_USER_PATHS = NO;
				ASSETCATALOG_COMPILER_GENERATE_SWIFT_ASSET_SYMBOL_EXTENSIONS = YES;
				CLANG_ANALYZER_NONNULL = YES;
				CLANG_ANALYZER_NUMBER_OBJECT_CONVERSION = YES_AGGRESSIVE;
				CLANG_CXX_LANGUAGE_STANDARD = "gnu++20";
				CLANG_ENABLE_MODULES = YES;
				CLANG_ENABLE_OBJC_ARC = YES;
				CLANG_ENABLE_OBJC_WEAK = YES;
				CLANG_WARN_BLOCK_CAPTURE_AUTORELEASING = YES;
				CLANG_WARN_BOOL_CONVERSION = YES;
				CLANG_WARN_COMMA = YES;
				CLANG_WARN_CONSTANT_CONVERSION = YES;
				CLANG_WARN_DEPRECATED_OBJC_IMPLEMENTATIONS = YES;
				CLANG_WARN_DIRECT_OBJC_ISA_USAGE = YES_ERROR;
				CLANG_WARN_DOCUMENTATION_COMMENTS = YES;
				CLANG_WARN_EMPTY_BODY = YES;
				CLANG_WARN_ENUM_CONVERSION = YES;
				CLANG_WARN_INFINITE_RECURSION = YES;
				CLANG_WARN_INT_CONVERSION = YES;
				CLANG_WARN_NON_LITERAL_NULL_CONVERSION = YES;
				CLANG_WARN_OBJC_IMPLICIT_RETAIN_SELF = YES;
				CLANG_WARN_OBJC_LITERAL_CONVERSION = YES;
				CLANG_WARN_OBJC_ROOT_CLASS = YES_ERROR;
				CLANG_WARN_QUOTED_INCLUDE_IN_FRAMEWORK_HEADER = YES;
				CLANG_WARN_RANGE_LOOP_ANALYSIS = YES;
				CLANG_WARN_STRICT_PROTOTYPES = YES;
				CLANG_WARN_SUSPICIOUS_MOVE = YES;
				CLANG_WARN_UNGUARDED_AVAILABILITY = YES_AGGRESSIVE;
				CLANG_WARN_UNREACHABLE_CODE = YES;
				CLANG_WARN__DUPLICATE_METHOD_MATCH = YES;
				COPY_PHASE_STRIP = NO;
				DEBUG_INFORMATION_FORMAT = dwarf;
				ENABLE_STRICT_OBJC_MSGSEND = YES;
				ENABLE_TESTABILITY = YES;
				ENABLE_USER_SCRIPT_SANDBOXING = YES;
				GCC_C_LANGUAGE_STANDARD = gnu17;
				GCC_DYNAMIC_NO_PIC = NO;
				GCC_NO_COMMON_BLOCKS = YES;
				GCC_OPTIMIZATION_LEVEL = 0;
				GCC_PREPROCESSOR_DEFINITIONS = (
					"DEBUG=1",
					"$(inherited)",
				);
				GCC_WARN_64_TO_32_BIT_CONVERSION = YES;
				GCC_WARN_ABOUT_RETURN_TYPE = YES_ERROR;
				GCC_WARN_UNDECLARED_SELECTOR = YES;
				GCC_WARN_UNINITIALIZED_AUTOS = YES_AGGRESSIVE;
				GCC_WARN_UNUSED_FUNCTION = YES;
				GCC_WARN_UNUSED_VARIABLE = YES;
				IPHONEOS_DEPLOYMENT_TARGET = 18.0;
				LOCALIZATION_PREFERS_STRING_CATALOGS = YES;
				MTL_ENABLE_DEBUG_INFO = INCLUDE_SOURCE;
				MTL_FAST_MATH = YES;
				ONLY_ACTIVE_ARCH = YES;
				SDKROOT = iphoneos;
				SWIFT_ACTIVE_COMPILATION_CONDITIONS = "DEBUG $(inherited)";
				SWIFT_OPTIMIZATION_LEVEL = "-Onone";
			};
			name = Debug;
		};
		9B60C4492D37AD4800C31857 /* Release */ = {
			isa = XCBuildConfiguration;
			buildSettings = {
				ALWAYS_SEARCH_USER_PATHS = NO;
				ASSETCATALOG_COMPILER_GENERATE_SWIFT_ASSET_SYMBOL_EXTENSIONS = YES;
				CLANG_ANALYZER_NONNULL = YES;
				CLANG_ANALYZER_NUMBER_OBJECT_CONVERSION = YES_AGGRESSIVE;
				CLANG_CXX_LANGUAGE_STANDARD = "gnu++20";
				CLANG_ENABLE_MODULES = YES;
				CLANG_ENABLE_OBJC_ARC = YES;
				CLANG_ENABLE_OBJC_WEAK = YES;
				CLANG_WARN_BLOCK_CAPTURE_AUTORELEASING = YES;
				CLANG_WARN_BOOL_CONVERSION = YES;
				CLANG_WARN_COMMA = YES;
				CLANG_WARN_CONSTANT_CONVERSION = YES;
				CLANG_WARN_DEPRECATED_OBJC_IMPLEMENTATIONS = YES;
				CLANG_WARN_DIRECT_OBJC_ISA_USAGE = YES_ERROR;
				CLANG_WARN_DOCUMENTATION_COMMENTS = YES;
				CLANG_WARN_EMPTY_BODY = YES;
				CLANG_WARN_ENUM_CONVERSION = YES;
				CLANG_WARN_INFINITE_RECURSION = YES;
				CLANG_WARN_INT_CONVERSION = YES;
				CLANG_WARN_NON_LITERAL_NULL_CONVERSION = YES;
				CLANG_WARN_OBJC_IMPLICIT_RETAIN_SELF = YES;
				CLANG_WARN_OBJC_LITERAL_CONVERSION = YES;
				CLANG_WARN_OBJC_ROOT_CLASS = YES_ERROR;
				CLANG_WARN_QUOTED_INCLUDE_IN_FRAMEWORK_HEADER = YES;
				CLANG_WARN_RANGE_LOOP_ANALYSIS = YES;
				CLANG_WARN_STRICT_PROTOTYPES = YES;
				CLANG_WARN_SUSPICIOUS_MOVE = YES;
				CLANG_WARN_UNGUARDED_AVAILABILITY = YES_AGGRESSIVE;
				CLANG_WARN_UNREACHABLE_CODE = YES;
				CLANG_WARN__DUPLICATE_METHOD_MATCH = YES;
				COPY_PHASE_STRIP = NO;
				DEBUG_INFORMATION_FORMAT = "dwarf-with-dsym";
				ENABLE_NS_ASSERTIONS = NO;
				ENABLE_STRICT_OBJC_MSGSEND = YES;
				ENABLE_USER_SCRIPT_SANDBOXING = YES;
				GCC_C_LANGUAGE_STANDARD = gnu17;
				GCC_NO_COMMON_BLOCKS = YES;
				GCC_WARN_64_TO_32_BIT_CONVERSION = YES;
				GCC_WARN_ABOUT_RETURN_TYPE = YES_ERROR;
				GCC_WARN_UNDECLARED_SELECTOR = YES;
				GCC_WARN_UNINITIALIZED_AUTOS = YES_AGGRESSIVE;
				GCC_WARN_UNUSED_FUNCTION = YES;
				GCC_WARN_UNUSED_VARIABLE = YES;
				IPHONEOS_DEPLOYMENT_TARGET = 18.0;
				LOCALIZATION_PREFERS_STRING_CATALOGS = YES;
				MTL_ENABLE_DEBUG_INFO = NO;
				MTL_FAST_MATH = YES;
				SDKROOT = iphoneos;
				SWIFT_COMPILATION_MODE = wholemodule;
				VALIDATE_PRODUCT = YES;
			};
			name = Release;
		};
		9B60C44B2D37AD4800C31857 /* Debug */ = {
			isa = XCBuildConfiguration;
			buildSettings = {
				ASSETCATALOG_COMPILER_APPICON_NAME = AppIcon;
				ASSETCATALOG_COMPILER_GLOBAL_ACCENT_COLOR_NAME = AccentColor;
				CODE_SIGN_STYLE = Automatic;
				CURRENT_PROJECT_VERSION = 1;
				DEVELOPMENT_ASSET_PATHS = "\"PokemonApp/Preview Content\"";
				DEVELOPMENT_TEAM = WA73NX7QE2;
				ENABLE_PREVIEWS = YES;
				GENERATE_INFOPLIST_FILE = YES;
				INFOPLIST_FILE = PokemonApp/Info.plist;
				INFOPLIST_KEY_UIApplicationSceneManifest_Generation = YES;
				INFOPLIST_KEY_UIApplicationSupportsIndirectInputEvents = YES;
				INFOPLIST_KEY_UILaunchScreen_Generation = YES;
				INFOPLIST_KEY_UISupportedInterfaceOrientations_iPad = "UIInterfaceOrientationPortrait UIInterfaceOrientationPortraitUpsideDown UIInterfaceOrientationLandscapeLeft UIInterfaceOrientationLandscapeRight";
				INFOPLIST_KEY_UISupportedInterfaceOrientations_iPhone = "UIInterfaceOrientationPortrait UIInterfaceOrientationLandscapeLeft UIInterfaceOrientationLandscapeRight";
				IPHONEOS_DEPLOYMENT_TARGET = 18.0;
				LD_RUNPATH_SEARCH_PATHS = (
					"$(inherited)",
					"@executable_path/Frameworks",
				);
				MARKETING_VERSION = 1.0;
				PRODUCT_BUNDLE_IDENTIFIER = com.zocdoc.PokemonStatsApp;
				PRODUCT_NAME = "$(TARGET_NAME)";
				SWIFT_EMIT_LOC_STRINGS = YES;
				SWIFT_VERSION = 5.0;
				TARGETED_DEVICE_FAMILY = "1,2";
			};
			name = Debug;
		};
		9B60C44C2D37AD4800C31857 /* Release */ = {
			isa = XCBuildConfiguration;
			buildSettings = {
				ASSETCATALOG_COMPILER_APPICON_NAME = AppIcon;
				ASSETCATALOG_COMPILER_GLOBAL_ACCENT_COLOR_NAME = AccentColor;
				CODE_SIGN_STYLE = Automatic;
				CURRENT_PROJECT_VERSION = 1;
				DEVELOPMENT_ASSET_PATHS = "\"PokemonApp/Preview Content\"";
				DEVELOPMENT_TEAM = WA73NX7QE2;
				ENABLE_PREVIEWS = YES;
				GENERATE_INFOPLIST_FILE = YES;
				INFOPLIST_FILE = PokemonApp/Info.plist;
				INFOPLIST_KEY_UIApplicationSceneManifest_Generation = YES;
				INFOPLIST_KEY_UIApplicationSupportsIndirectInputEvents = YES;
				INFOPLIST_KEY_UILaunchScreen_Generation = YES;
				INFOPLIST_KEY_UISupportedInterfaceOrientations_iPad = "UIInterfaceOrientationPortrait UIInterfaceOrientationPortraitUpsideDown UIInterfaceOrientationLandscapeLeft UIInterfaceOrientationLandscapeRight";
				INFOPLIST_KEY_UISupportedInterfaceOrientations_iPhone = "UIInterfaceOrientationPortrait UIInterfaceOrientationLandscapeLeft UIInterfaceOrientationLandscapeRight";
				IPHONEOS_DEPLOYMENT_TARGET = 18.0;
				LD_RUNPATH_SEARCH_PATHS = (
					"$(inherited)",
					"@executable_path/Frameworks",
				);
				MARKETING_VERSION = 1.0;
				PRODUCT_BUNDLE_IDENTIFIER = com.zocdoc.PokemonStatsApp;
				PRODUCT_NAME = "$(TARGET_NAME)";
				SWIFT_EMIT_LOC_STRINGS = YES;
				SWIFT_VERSION = 5.0;
				TARGETED_DEVICE_FAMILY = "1,2";
			};
			name = Release;
		};
		9B60C44E2D37AD4800C31857 /* Debug */ = {
			isa = XCBuildConfiguration;
			buildSettings = {
				BUNDLE_LOADER = "$(TEST_HOST)";
				CODE_SIGN_STYLE = Automatic;
				CURRENT_PROJECT_VERSION = 1;
				GENERATE_INFOPLIST_FILE = YES;
				IPHONEOS_DEPLOYMENT_TARGET = 18.0;
				MARKETING_VERSION = 1.0;
				PRODUCT_BUNDLE_IDENTIFIER = com.zocdoc.PokemonStatsAppTests;
				PRODUCT_NAME = "$(TARGET_NAME)";
				SWIFT_EMIT_LOC_STRINGS = NO;
				SWIFT_VERSION = 5.0;
				TARGETED_DEVICE_FAMILY = "1,2";
				TEST_HOST = "$(BUILT_PRODUCTS_DIR)/PokemonApp.app/$(BUNDLE_EXECUTABLE_FOLDER_PATH)/PokemonApp";
			};
			name = Debug;
		};
		9B60C44F2D37AD4800C31857 /* Release */ = {
			isa = XCBuildConfiguration;
			buildSettings = {
				BUNDLE_LOADER = "$(TEST_HOST)";
				CODE_SIGN_STYLE = Automatic;
				CURRENT_PROJECT_VERSION = 1;
				GENERATE_INFOPLIST_FILE = YES;
				IPHONEOS_DEPLOYMENT_TARGET = 18.0;
				MARKETING_VERSION = 1.0;
				PRODUCT_BUNDLE_IDENTIFIER = com.zocdoc.PokemonStatsAppTests;
				PRODUCT_NAME = "$(TARGET_NAME)";
				SWIFT_EMIT_LOC_STRINGS = NO;
				SWIFT_VERSION = 5.0;
				TARGETED_DEVICE_FAMILY = "1,2";
				TEST_HOST = "$(BUILT_PRODUCTS_DIR)/PokemonApp.app/$(BUNDLE_EXECUTABLE_FOLDER_PATH)/PokemonApp";
			};
			name = Release;
		};
		9B60C4512D37AD4800C31857 /* Debug */ = {
			isa = XCBuildConfiguration;
			buildSettings = {
				CODE_SIGN_STYLE = Automatic;
				CURRENT_PROJECT_VERSION = 1;
				GENERATE_INFOPLIST_FILE = YES;
				MARKETING_VERSION = 1.0;
				PRODUCT_BUNDLE_IDENTIFIER = com.zocdoc.PokemonStatsAppUITests;
				PRODUCT_NAME = "$(TARGET_NAME)";
				SWIFT_EMIT_LOC_STRINGS = NO;
				SWIFT_VERSION = 5.0;
				TARGETED_DEVICE_FAMILY = "1,2";
				TEST_TARGET_NAME = PokemonStatsApp;
			};
			name = Debug;
		};
		9B60C4522D37AD4800C31857 /* Release */ = {
			isa = XCBuildConfiguration;
			buildSettings = {
				CODE_SIGN_STYLE = Automatic;
				CURRENT_PROJECT_VERSION = 1;
				GENERATE_INFOPLIST_FILE = YES;
				MARKETING_VERSION = 1.0;
				PRODUCT_BUNDLE_IDENTIFIER = com.zocdoc.PokemonStatsAppUITests;
				PRODUCT_NAME = "$(TARGET_NAME)";
				SWIFT_EMIT_LOC_STRINGS = NO;
				SWIFT_VERSION = 5.0;
				TARGETED_DEVICE_FAMILY = "1,2";
				TEST_TARGET_NAME = PokemonStatsApp;
			};
			name = Release;
		};
/* End XCBuildConfiguration section */

/* Begin XCConfigurationList section */
		9B60C4212D37AD4700C31857 /* Build configuration list for PBXProject "PokemonApp" */ = {
			isa = XCConfigurationList;
			buildConfigurations = (
				9B60C4482D37AD4800C31857 /* Debug */,
				9B60C4492D37AD4800C31857 /* Release */,
			);
			defaultConfigurationIsVisible = 0;
			defaultConfigurationName = Release;
		};
		9B60C44A2D37AD4800C31857 /* Build configuration list for PBXNativeTarget "PokemonApp" */ = {
			isa = XCConfigurationList;
			buildConfigurations = (
				9B60C44B2D37AD4800C31857 /* Debug */,
				9B60C44C2D37AD4800C31857 /* Release */,
			);
			defaultConfigurationIsVisible = 0;
			defaultConfigurationName = Release;
		};
		9B60C44D2D37AD4800C31857 /* Build configuration list for PBXNativeTarget "PokemonAppTests" */ = {
			isa = XCConfigurationList;
			buildConfigurations = (
				9B60C44E2D37AD4800C31857 /* Debug */,
				9B60C44F2D37AD4800C31857 /* Release */,
			);
			defaultConfigurationIsVisible = 0;
			defaultConfigurationName = Release;
		};
		9B60C4502D37AD4800C31857 /* Build configuration list for PBXNativeTarget "PokemonAppUITests" */ = {
			isa = XCConfigurationList;
			buildConfigurations = (
				9B60C4512D37AD4800C31857 /* Debug */,
				9B60C4522D37AD4800C31857 /* Release */,
			);
			defaultConfigurationIsVisible = 0;
			defaultConfigurationName = Release;
		};
/* End XCConfigurationList section */

/* Begin XCSwiftPackageProductDependency section */
		9BB2D3EC2D46A797009BA16D /* PokemonUtils */ = {
			isa = XCSwiftPackageProductDependency;
			productName = PokemonUtils;
		};
		9BB2D3EE2D46A7A0009BA16D /* PokemonUtils */ = {
			isa = XCSwiftPackageProductDependency;
			productName = PokemonUtils;
		};
		9BD2EB612D46276A00F50829 /* PokemonUI */ = {
			isa = XCSwiftPackageProductDependency;
			productName = PokemonUI;
		};
		9BEAD2062D46347F001DFB92 /* PokemonUI */ = {
			isa = XCSwiftPackageProductDependency;
			productName = PokemonUI;
		};
/* End XCSwiftPackageProductDependency section */
	};
	rootObject = 9B60C41E2D37AD4700C31857 /* Project object */;
}
